github.com/Xhofe/gsync v0.0.0-20230507061711-b794ced797d4 h1:agRacFnSPo9QJqzOlgt+vA+jNJG6Asb05fGisEePXOs=
github.com/Xhofe/gsync v0.0.0-20230507061711-b794ced797d4/go.mod h1:4z2HkKjcFxCUCIGNAl7eTSsXHPSt9GDG5k5PALNZUPw=
github.com/xhofe/gsync v0.0.0-20230825072748-5fbfe3142893 h1:z8z19zSHlMDf5AO60IDnMRBiBXmXGhsUXpuu+J5Rjlk=
github.com/xhofe/gsync v0.0.0-20230825072748-5fbfe3142893/go.mod h1:fH4oNm5F9NfI5dLi0oIMtsLNKQOirUDbEMCIBb/7SU0=
